// !$*UTF8*$!
{
	archiveVersion = 1;
	classes = {
	};
	objectVersion = 50;
	objects = {

/* Begin PBXBuildFile section */
		B1494E7825DE47A7008B515F /* AppDelegate.swift in Sources */ = {isa = PBXBuildFile; fileRef = B1494E7725DE47A7008B515F /* AppDelegate.swift */; };
		B1494E7C25DE47A7008B515F /* NewsViewController.swift in Sources */ = {isa = PBXBuildFile; fileRef = B1494E7B25DE47A7008B515F /* NewsViewController.swift */; };
		B1494E8425DE47A8008B515F /* Assets.xcassets in Resources */ = {isa = PBXBuildFile; fileRef = B1494E8325DE47A8008B515F /* Assets.xcassets */; };
		B1494E8725DE47A8008B515F /* LaunchScreen.storyboard in Resources */ = {isa = PBXBuildFile; fileRef = B1494E8525DE47A8008B515F /* LaunchScreen.storyboard */; };
		B1494E9325DE4AE8008B515F /* SearchViewController.swift in Sources */ = {isa = PBXBuildFile; fileRef = B1494E9225DE4AE8008B515F /* SearchViewController.swift */; };
		B1494E9625DE6EE3008B515F /* NetworkManager.swift in Sources */ = {isa = PBXBuildFile; fileRef = B1494E9525DE6EE3008B515F /* NetworkManager.swift */; };
		B1494E9C25DE6F2A008B515F /* EndpointProtocol.swift in Sources */ = {isa = PBXBuildFile; fileRef = B1494E9B25DE6F2A008B515F /* EndpointProtocol.swift */; };
		B1494EA025DE6F59008B515F /* ApiEndpoint.swift in Sources */ = {isa = PBXBuildFile; fileRef = B1494E9F25DE6F59008B515F /* ApiEndpoint.swift */; };
		B166FC2D25E11186004AAA40 /* FooterView.swift in Sources */ = {isa = PBXBuildFile; fileRef = B166FC2C25E11186004AAA40 /* FooterView.swift */; };
		B166FC3C25E15664004AAA40 /* NewsView.swift in Sources */ = {isa = PBXBuildFile; fileRef = B166FC3B25E15664004AAA40 /* NewsView.swift */; };
		B191D50125DE739C007AB0EB /* DataParser.swift in Sources */ = {isa = PBXBuildFile; fileRef = B191D50025DE739C007AB0EB /* DataParser.swift */; };
		B191D50625DE7492007AB0EB /* NewsData.swift in Sources */ = {isa = PBXBuildFile; fileRef = B191D50525DE7492007AB0EB /* NewsData.swift */; };
		B1A26AF125DFF4C100603DCA /* NewsImage.swift in Sources */ = {isa = PBXBuildFile; fileRef = B1A26AF025DFF4C100603DCA /* NewsImage.swift */; };
		B1A75B4325E3914400CB6516 /* CoreDataStack.swift in Sources */ = {isa = PBXBuildFile; fileRef = B1A75B4225E3914400CB6516 /* CoreDataStack.swift */; };
		B1A75B4725E391CF00CB6516 /* NSManagedObjectContext.swift in Sources */ = {isa = PBXBuildFile; fileRef = B1A75B4625E391CF00CB6516 /* NSManagedObjectContext.swift */; };
		B1A75B5025E3BF0900CB6516 /* SearchText+CoreDataProperties.swift in Sources */ = {isa = PBXBuildFile; fileRef = B1A75B4C25E3BF0900CB6516 /* SearchText+CoreDataProperties.swift */; };
		B1A75B5225E3BF0900CB6516 /* ArticlePreview+CoreDataProperties.swift in Sources */ = {isa = PBXBuildFile; fileRef = B1A75B4E25E3BF0900CB6516 /* ArticlePreview+CoreDataProperties.swift */; };
		B1A75B5725E3FE7900CB6516 /* UIViewController.swift in Sources */ = {isa = PBXBuildFile; fileRef = B1A75B5625E3FE7900CB6516 /* UIViewController.swift */; };
		B1B9F7FE25DE7B76005520B4 /* NewsTableViewCell.swift in Sources */ = {isa = PBXBuildFile; fileRef = B1B9F7FD25DE7B76005520B4 /* NewsTableViewCell.swift */; };
		B1DE2FCD25E2548B00175EAF /* FetchedResultsManager.swift in Sources */ = {isa = PBXBuildFile; fileRef = B1DE2FCC25E2548B00175EAF /* FetchedResultsManager.swift */; };
		B1EEF38D25DE9FB400470B39 /* NewsManager.swift in Sources */ = {isa = PBXBuildFile; fileRef = B1EEF38C25DE9FB400470B39 /* NewsManager.swift */; };
		B1EEF39825DEA6AC00470B39 /* NewsAppTest.xcdatamodeld in Sources */ = {isa = PBXBuildFile; fileRef = B1EEF39625DEA6AC00470B39 /* NewsAppTest.xcdatamodeld */; };
/* End PBXBuildFile section */

/* Begin PBXFileReference section */
		B1494E7425DE47A7008B515F /* NewsAppTest.app */ = {isa = PBXFileReference; explicitFileType = wrapper.application; includeInIndex = 0; path = NewsAppTest.app; sourceTree = BUILT_PRODUCTS_DIR; };
		B1494E7725DE47A7008B515F /* AppDelegate.swift */ = {isa = PBXFileReference; lastKnownFileType = sourcecode.swift; path = AppDelegate.swift; sourceTree = "<group>"; };
		B1494E7B25DE47A7008B515F /* NewsViewController.swift */ = {isa = PBXFileReference; lastKnownFileType = sourcecode.swift; path = NewsViewController.swift; sourceTree = "<group>"; };
		B1494E8325DE47A8008B515F /* Assets.xcassets */ = {isa = PBXFileReference; lastKnownFileType = folder.assetcatalog; path = Assets.xcassets; sourceTree = "<group>"; };
		B1494E8625DE47A8008B515F /* Base */ = {isa = PBXFileReference; lastKnownFileType = file.storyboard; name = Base; path = Base.lproj/LaunchScreen.storyboard; sourceTree = "<group>"; };
		B1494E8825DE47A8008B515F /* Info.plist */ = {isa = PBXFileReference; lastKnownFileType = text.plist.xml; path = Info.plist; sourceTree = "<group>"; };
		B1494E9225DE4AE8008B515F /* SearchViewController.swift */ = {isa = PBXFileReference; lastKnownFileType = sourcecode.swift; path = SearchViewController.swift; sourceTree = "<group>"; };
		B1494E9525DE6EE3008B515F /* NetworkManager.swift */ = {isa = PBXFileReference; lastKnownFileType = sourcecode.swift; path = NetworkManager.swift; sourceTree = "<group>"; };
		B1494E9B25DE6F2A008B515F /* EndpointProtocol.swift */ = {isa = PBXFileReference; lastKnownFileType = sourcecode.swift; path = EndpointProtocol.swift; sourceTree = "<group>"; };
		B1494E9F25DE6F59008B515F /* ApiEndpoint.swift */ = {isa = PBXFileReference; lastKnownFileType = sourcecode.swift; path = ApiEndpoint.swift; sourceTree = "<group>"; };
		B166FC2C25E11186004AAA40 /* FooterView.swift */ = {isa = PBXFileReference; lastKnownFileType = sourcecode.swift; path = FooterView.swift; sourceTree = "<group>"; };
		B166FC3B25E15664004AAA40 /* NewsView.swift */ = {isa = PBXFileReference; lastKnownFileType = sourcecode.swift; path = NewsView.swift; sourceTree = "<group>"; };
		B191D50025DE739C007AB0EB /* DataParser.swift */ = {isa = PBXFileReference; lastKnownFileType = sourcecode.swift; path = DataParser.swift; sourceTree = "<group>"; };
		B191D50525DE7492007AB0EB /* NewsData.swift */ = {isa = PBXFileReference; lastKnownFileType = sourcecode.swift; path = NewsData.swift; sourceTree = "<group>"; };
		B1A26AF025DFF4C100603DCA /* NewsImage.swift */ = {isa = PBXFileReference; lastKnownFileType = sourcecode.swift; path = NewsImage.swift; sourceTree = "<group>"; };
		B1A75B4225E3914400CB6516 /* CoreDataStack.swift */ = {isa = PBXFileReference; lastKnownFileType = sourcecode.swift; path = CoreDataStack.swift; sourceTree = "<group>"; };
		B1A75B4625E391CF00CB6516 /* NSManagedObjectContext.swift */ = {isa = PBXFileReference; lastKnownFileType = sourcecode.swift; path = NSManagedObjectContext.swift; sourceTree = "<group>"; };
		B1A75B4C25E3BF0900CB6516 /* SearchText+CoreDataProperties.swift */ = {isa = PBXFileReference; lastKnownFileType = sourcecode.swift; path = "SearchText+CoreDataProperties.swift"; sourceTree = "<group>"; };
		B1A75B4E25E3BF0900CB6516 /* ArticlePreview+CoreDataProperties.swift */ = {isa = PBXFileReference; lastKnownFileType = sourcecode.swift; path = "ArticlePreview+CoreDataProperties.swift"; sourceTree = "<group>"; };
		B1A75B5625E3FE7900CB6516 /* UIViewController.swift */ = {isa = PBXFileReference; lastKnownFileType = sourcecode.swift; path = UIViewController.swift; sourceTree = "<group>"; };
		B1B9F7FD25DE7B76005520B4 /* NewsTableViewCell.swift */ = {isa = PBXFileReference; lastKnownFileType = sourcecode.swift; path = NewsTableViewCell.swift; sourceTree = "<group>"; };
		B1DE2FCC25E2548B00175EAF /* FetchedResultsManager.swift */ = {isa = PBXFileReference; lastKnownFileType = sourcecode.swift; path = FetchedResultsManager.swift; sourceTree = "<group>"; };
		B1EEF38C25DE9FB400470B39 /* NewsManager.swift */ = {isa = PBXFileReference; lastKnownFileType = sourcecode.swift; path = NewsManager.swift; sourceTree = "<group>"; };
		B1EEF39725DEA6AC00470B39 /* NewsAppTest.xcdatamodel */ = {isa = PBXFileReference; lastKnownFileType = wrapper.xcdatamodel; path = NewsAppTest.xcdatamodel; sourceTree = "<group>"; };
/* End PBXFileReference section */

/* Begin PBXFrameworksBuildPhase section */
		B1494E7125DE47A7008B515F /* Frameworks */ = {
			isa = PBXFrameworksBuildPhase;
			buildActionMask = 2147483647;
			files = (
			);
			runOnlyForDeploymentPostprocessing = 0;
		};
/* End PBXFrameworksBuildPhase section */

/* Begin PBXGroup section */
		B1494E6B25DE47A7008B515F = {
			isa = PBXGroup;
			children = (
				B1494E7625DE47A7008B515F /* NewsAppTest */,
				B1494E7525DE47A7008B515F /* Products */,
			);
			sourceTree = "<group>";
		};
		B1494E7525DE47A7008B515F /* Products */ = {
			isa = PBXGroup;
			children = (
				B1494E7425DE47A7008B515F /* NewsAppTest.app */,
			);
			name = Products;
			sourceTree = "<group>";
		};
		B1494E7625DE47A7008B515F /* NewsAppTest */ = {
			isa = PBXGroup;
			children = (
				B1A75B4525E391BE00CB6516 /* Extensions */,
				B191D50325DE7472007AB0EB /* Models */,
				B1494E9825DE6F06008B515F /* Managers */,
				B191D50E25DE7739007AB0EB /* UI */,
				B1494E7725DE47A7008B515F /* AppDelegate.swift */,
				B1494E8325DE47A8008B515F /* Assets.xcassets */,
				B1EEF39625DEA6AC00470B39 /* NewsAppTest.xcdatamodeld */,
				B1494E8525DE47A8008B515F /* LaunchScreen.storyboard */,
				B1494E8825DE47A8008B515F /* Info.plist */,
			);
			path = NewsAppTest;
			sourceTree = "<group>";
		};
		B1494E9825DE6F06008B515F /* Managers */ = {
			isa = PBXGroup;
			children = (
				B1EEF38B25DE9F4800470B39 /* Local */,
				B1494E9925DE6F10008B515F /* Network */,
			);
			path = Managers;
			sourceTree = "<group>";
		};
		B1494E9925DE6F10008B515F /* Network */ = {
			isa = PBXGroup;
			children = (
				B1494E9A25DE6F1C008B515F /* Endpoints */,
				B1494E9525DE6EE3008B515F /* NetworkManager.swift */,
				B191D50025DE739C007AB0EB /* DataParser.swift */,
			);
			path = Network;
			sourceTree = "<group>";
		};
		B1494E9A25DE6F1C008B515F /* Endpoints */ = {
			isa = PBXGroup;
			children = (
				B1494E9B25DE6F2A008B515F /* EndpointProtocol.swift */,
				B1494E9F25DE6F59008B515F /* ApiEndpoint.swift */,
			);
			path = Endpoints;
			sourceTree = "<group>";
		};
		B191D50325DE7472007AB0EB /* Models */ = {
			isa = PBXGroup;
			children = (
				B191D50825DE75C0007AB0EB /* Local */,
				B191D50425DE7478007AB0EB /* API */,
			);
			path = Models;
			sourceTree = "<group>";
		};
		B191D50425DE7478007AB0EB /* API */ = {
			isa = PBXGroup;
			children = (
				B191D50525DE7492007AB0EB /* NewsData.swift */,
			);
			path = API;
			sourceTree = "<group>";
		};
		B191D50825DE75C0007AB0EB /* Local */ = {
			isa = PBXGroup;
			children = (
				B1A75B4C25E3BF0900CB6516 /* SearchText+CoreDataProperties.swift */,
				B1A75B4E25E3BF0900CB6516 /* ArticlePreview+CoreDataProperties.swift */,
			);
			path = Local;
			sourceTree = "<group>";
		};
		B191D50E25DE7739007AB0EB /* UI */ = {
			isa = PBXGroup;
			children = (
				B1A75B5E25E4183C00CB6516 /* SearchViewController */,
				B1A75B5D25E4183100CB6516 /* NewsViewController */,
			);
			path = UI;
			sourceTree = "<group>";
		};
		B1A75B4525E391BE00CB6516 /* Extensions */ = {
			isa = PBXGroup;
			children = (
				B1A75B4625E391CF00CB6516 /* NSManagedObjectContext.swift */,
				B1A75B5625E3FE7900CB6516 /* UIViewController.swift */,
			);
			path = Extensions;
			sourceTree = "<group>";
		};
		B1A75B5A25E40C6800CB6516 /* Views */ = {
			isa = PBXGroup;
			children = (
				B166FC3B25E15664004AAA40 /* NewsView.swift */,
				B166FC2C25E11186004AAA40 /* FooterView.swift */,
				B1A26AF025DFF4C100603DCA /* NewsImage.swift */,
			);
			path = Views;
			sourceTree = "<group>";
		};
		B1A75B5B25E40C7E00CB6516 /* Cells */ = {
			isa = PBXGroup;
			children = (
				B1B9F7FD25DE7B76005520B4 /* NewsTableViewCell.swift */,
			);
			path = Cells;
			sourceTree = "<group>";
		};
		B1A75B5D25E4183100CB6516 /* NewsViewController */ = {
			isa = PBXGroup;
			children = (
				B1A75B5A25E40C6800CB6516 /* Views */,
				B1A75B5B25E40C7E00CB6516 /* Cells */,
				B1494E7B25DE47A7008B515F /* NewsViewController.swift */,
			);
			path = NewsViewController;
			sourceTree = "<group>";
		};
		B1A75B5E25E4183C00CB6516 /* SearchViewController */ = {
			isa = PBXGroup;
			children = (
				B1494E9225DE4AE8008B515F /* SearchViewController.swift */,
			);
			path = SearchViewController;
			sourceTree = "<group>";
		};
		B1EEF38B25DE9F4800470B39 /* Local */ = {
			isa = PBXGroup;
			children = (
				B1EEF38C25DE9FB400470B39 /* NewsManager.swift */,
				B1DE2FCC25E2548B00175EAF /* FetchedResultsManager.swift */,
				B1A75B4225E3914400CB6516 /* CoreDataStack.swift */,
			);
			path = Local;
			sourceTree = "<group>";
		};
/* End PBXGroup section */

/* Begin PBXNativeTarget section */
		B1494E7325DE47A7008B515F /* NewsAppTest */ = {
			isa = PBXNativeTarget;
			buildConfigurationList = B1494E8B25DE47A8008B515F /* Build configuration list for PBXNativeTarget "NewsAppTest" */;
			buildPhases = (
				B1494E7025DE47A7008B515F /* Sources */,
				B1494E7125DE47A7008B515F /* Frameworks */,
				B1494E7225DE47A7008B515F /* Resources */,
			);
			buildRules = (
			);
			dependencies = (
			);
			name = NewsAppTest;
			productName = NewsAppTest;
			productReference = B1494E7425DE47A7008B515F /* NewsAppTest.app */;
			productType = "com.apple.product-type.application";
		};
/* End PBXNativeTarget section */

/* Begin PBXProject section */
		B1494E6C25DE47A7008B515F /* Project object */ = {
			isa = PBXProject;
			attributes = {
				LastSwiftUpdateCheck = 1230;
				LastUpgradeCheck = 1230;
				TargetAttributes = {
					B1494E7325DE47A7008B515F = {
						CreatedOnToolsVersion = 12.3;
					};
				};
			};
			buildConfigurationList = B1494E6F25DE47A7008B515F /* Build configuration list for PBXProject "NewsAppTest" */;
			compatibilityVersion = "Xcode 9.3";
			developmentRegion = en;
			hasScannedForEncodings = 0;
			knownRegions = (
				en,
				Base,
			);
			mainGroup = B1494E6B25DE47A7008B515F;
			productRefGroup = B1494E7525DE47A7008B515F /* Products */;
			projectDirPath = "";
			projectRoot = "";
			targets = (
				B1494E7325DE47A7008B515F /* NewsAppTest */,
			);
		};
/* End PBXProject section */

/* Begin PBXResourcesBuildPhase section */
		B1494E7225DE47A7008B515F /* Resources */ = {
			isa = PBXResourcesBuildPhase;
			buildActionMask = 2147483647;
			files = (
				B1494E8725DE47A8008B515F /* LaunchScreen.storyboard in Resources */,
				B1494E8425DE47A8008B515F /* Assets.xcassets in Resources */,
			);
			runOnlyForDeploymentPostprocessing = 0;
		};
/* End PBXResourcesBuildPhase section */

/* Begin PBXSourcesBuildPhase section */
		B1494E7025DE47A7008B515F /* Sources */ = {
			isa = PBXSourcesBuildPhase;
			buildActionMask = 2147483647;
			files = (
				B1A75B4325E3914400CB6516 /* CoreDataStack.swift in Sources */,
				B1A75B4725E391CF00CB6516 /* NSManagedObjectContext.swift in Sources */,
				B1EEF39825DEA6AC00470B39 /* NewsAppTest.xcdatamodeld in Sources */,
				B1494E9625DE6EE3008B515F /* NetworkManager.swift in Sources */,
				B1A75B5725E3FE7900CB6516 /* UIViewController.swift in Sources */,
				B166FC2D25E11186004AAA40 /* FooterView.swift in Sources */,
				B1494E9325DE4AE8008B515F /* SearchViewController.swift in Sources */,
				B1B9F7FE25DE7B76005520B4 /* NewsTableViewCell.swift in Sources */,
				B1A75B5025E3BF0900CB6516 /* SearchText+CoreDataProperties.swift in Sources */,
				B1494E7C25DE47A7008B515F /* NewsViewController.swift in Sources */,
				B1EEF38D25DE9FB400470B39 /* NewsManager.swift in Sources */,
				B166FC3C25E15664004AAA40 /* NewsView.swift in Sources */,
				B1494E7825DE47A7008B515F /* AppDelegate.swift in Sources */,
				B1DE2FCD25E2548B00175EAF /* FetchedResultsManager.swift in Sources */,
				B191D50625DE7492007AB0EB /* NewsData.swift in Sources */,
				B1494E9C25DE6F2A008B515F /* EndpointProtocol.swift in Sources */,
				B1494EA025DE6F59008B515F /* ApiEndpoint.swift in Sources */,
				B1A26AF125DFF4C100603DCA /* NewsImage.swift in Sources */,
				B191D50125DE739C007AB0EB /* DataParser.swift in Sources */,
				B1A75B5225E3BF0900CB6516 /* ArticlePreview+CoreDataProperties.swift in Sources */,
			);
			runOnlyForDeploymentPostprocessing = 0;
		};
/* End PBXSourcesBuildPhase section */

/* Begin PBXVariantGroup section */
		B1494E8525DE47A8008B515F /* LaunchScreen.storyboard */ = {
			isa = PBXVariantGroup;
			children = (
				B1494E8625DE47A8008B515F /* Base */,
			);
			name = LaunchScreen.storyboard;
			sourceTree = "<group>";
		};
/* End PBXVariantGroup section */

/* Begin XCBuildConfiguration section */
		B1494E8925DE47A8008B515F /* Debug */ = {
			isa = XCBuildConfiguration;
			buildSettings = {
				ALWAYS_SEARCH_USER_PATHS = NO;
				CLANG_ANALYZER_NONNULL = YES;
				CLANG_ANALYZER_NUMBER_OBJECT_CONVERSION = YES_AGGRESSIVE;
				CLANG_CXX_LANGUAGE_STANDARD = "gnu++14";
				CLANG_CXX_LIBRARY = "libc++";
				CLANG_ENABLE_MODULES = YES;
				CLANG_ENABLE_OBJC_ARC = YES;
				CLANG_ENABLE_OBJC_WEAK = YES;
				CLANG_WARN_BLOCK_CAPTURE_AUTORELEASING = YES;
				CLANG_WARN_BOOL_CONVERSION = YES;
				CLANG_WARN_COMMA = YES;
				CLANG_WARN_CONSTANT_CONVERSION = YES;
				CLANG_WARN_DEPRECATED_OBJC_IMPLEMENTATIONS = YES;
				CLANG_WARN_DIRECT_OBJC_ISA_USAGE = YES_ERROR;
				CLANG_WARN_DOCUMENTATION_COMMENTS = YES;
				CLANG_WARN_EMPTY_BODY = YES;
				CLANG_WARN_ENUM_CONVERSION = YES;
				CLANG_WARN_INFINITE_RECURSION = YES;
				CLANG_WARN_INT_CONVERSION = YES;
				CLANG_WARN_NON_LITERAL_NULL_CONVERSION = YES;
				CLANG_WARN_OBJC_IMPLICIT_RETAIN_SELF = YES;
				CLANG_WARN_OBJC_LITERAL_CONVERSION = YES;
				CLANG_WARN_OBJC_ROOT_CLASS = YES_ERROR;
				CLANG_WARN_QUOTED_INCLUDE_IN_FRAMEWORK_HEADER = YES;
				CLANG_WARN_RANGE_LOOP_ANALYSIS = YES;
				CLANG_WARN_STRICT_PROTOTYPES = YES;
				CLANG_WARN_SUSPICIOUS_MOVE = YES;
				CLANG_WARN_UNGUARDED_AVAILABILITY = YES_AGGRESSIVE;
				CLANG_WARN_UNREACHABLE_CODE = YES;
				CLANG_WARN__DUPLICATE_METHOD_MATCH = YES;
				COPY_PHASE_STRIP = NO;
				DEBUG_INFORMATION_FORMAT = dwarf;
				ENABLE_STRICT_OBJC_MSGSEND = YES;
				ENABLE_TESTABILITY = YES;
				GCC_C_LANGUAGE_STANDARD = gnu11;
				GCC_DYNAMIC_NO_PIC = NO;
				GCC_NO_COMMON_BLOCKS = YES;
				GCC_OPTIMIZATION_LEVEL = 0;
				GCC_PREPROCESSOR_DEFINITIONS = (
					"DEBUG=1",
					"$(inherited)",
				);
				GCC_WARN_64_TO_32_BIT_CONVERSION = YES;
				GCC_WARN_ABOUT_RETURN_TYPE = YES_ERROR;
				GCC_WARN_UNDECLARED_SELECTOR = YES;
				GCC_WARN_UNINITIALIZED_AUTOS = YES_AGGRESSIVE;
				GCC_WARN_UNUSED_FUNCTION = YES;
				GCC_WARN_UNUSED_VARIABLE = YES;
				IPHONEOS_DEPLOYMENT_TARGET = 14.3;
				MTL_ENABLE_DEBUG_INFO = INCLUDE_SOURCE;
				MTL_FAST_MATH = YES;
				ONLY_ACTIVE_ARCH = YES;
				SDKROOT = iphoneos;
				SWIFT_ACTIVE_COMPILATION_CONDITIONS = DEBUG;
				SWIFT_OPTIMIZATION_LEVEL = "-Onone";
			};
			name = Debug;
		};
		B1494E8A25DE47A8008B515F /* Release */ = {
			isa = XCBuildConfiguration;
			buildSettings = {
				ALWAYS_SEARCH_USER_PATHS = NO;
				CLANG_ANALYZER_NONNULL = YES;
				CLANG_ANALYZER_NUMBER_OBJECT_CONVERSION = YES_AGGRESSIVE;
				CLANG_CXX_LANGUAGE_STANDARD = "gnu++14";
				CLANG_CXX_LIBRARY = "libc++";
				CLANG_ENABLE_MODULES = YES;
				CLANG_ENABLE_OBJC_ARC = YES;
				CLANG_ENABLE_OBJC_WEAK = YES;
				CLANG_WARN_BLOCK_CAPTURE_AUTORELEASING = YES;
				CLANG_WARN_BOOL_CONVERSION = YES;
				CLANG_WARN_COMMA = YES;
				CLANG_WARN_CONSTANT_CONVERSION = YES;
				CLANG_WARN_DEPRECATED_OBJC_IMPLEMENTATIONS = YES;
				CLANG_WARN_DIRECT_OBJC_ISA_USAGE = YES_ERROR;
				CLANG_WARN_DOCUMENTATION_COMMENTS = YES;
				CLANG_WARN_EMPTY_BODY = YES;
				CLANG_WARN_ENUM_CONVERSION = YES;
				CLANG_WARN_INFINITE_RECURSION = YES;
				CLANG_WARN_INT_CONVERSION = YES;
				CLANG_WARN_NON_LITERAL_NULL_CONVERSION = YES;
				CLANG_WARN_OBJC_IMPLICIT_RETAIN_SELF = YES;
				CLANG_WARN_OBJC_LITERAL_CONVERSION = YES;
				CLANG_WARN_OBJC_ROOT_CLASS = YES_ERROR;
				CLANG_WARN_QUOTED_INCLUDE_IN_FRAMEWORK_HEADER = YES;
				CLANG_WARN_RANGE_LOOP_ANALYSIS = YES;
				CLANG_WARN_STRICT_PROTOTYPES = YES;
				CLANG_WARN_SUSPICIOUS_MOVE = YES;
				CLANG_WARN_UNGUARDED_AVAILABILITY = YES_AGGRESSIVE;
				CLANG_WARN_UNREACHABLE_CODE = YES;
				CLANG_WARN__DUPLICATE_METHOD_MATCH = YES;
				COPY_PHASE_STRIP = NO;
				DEBUG_INFORMATION_FORMAT = "dwarf-with-dsym";
				ENABLE_NS_ASSERTIONS = NO;
				ENABLE_STRICT_OBJC_MSGSEND = YES;
				GCC_C_LANGUAGE_STANDARD = gnu11;
				GCC_NO_COMMON_BLOCKS = YES;
				GCC_WARN_64_TO_32_BIT_CONVERSION = YES;
				GCC_WARN_ABOUT_RETURN_TYPE = YES_ERROR;
				GCC_WARN_UNDECLARED_SELECTOR = YES;
				GCC_WARN_UNINITIALIZED_AUTOS = YES_AGGRESSIVE;
				GCC_WARN_UNUSED_FUNCTION = YES;
				GCC_WARN_UNUSED_VARIABLE = YES;
				IPHONEOS_DEPLOYMENT_TARGET = 14.3;
				MTL_ENABLE_DEBUG_INFO = NO;
				MTL_FAST_MATH = YES;
				SDKROOT = iphoneos;
				SWIFT_COMPILATION_MODE = wholemodule;
				SWIFT_OPTIMIZATION_LEVEL = "-O";
				VALIDATE_PRODUCT = YES;
			};
			name = Release;
		};
		B1494E8C25DE47A8008B515F /* Debug */ = {
			isa = XCBuildConfiguration;
			buildSettings = {
				ASSETCATALOG_COMPILER_APPICON_NAME = AppIcon;
				ASSETCATALOG_COMPILER_GLOBAL_ACCENT_COLOR_NAME = AccentColor;
				CODE_SIGN_STYLE = Automatic;
				DEVELOPMENT_TEAM = 9F4WFMQ34H;
				INFOPLIST_FILE = NewsAppTest/Info.plist;
				LD_RUNPATH_SEARCH_PATHS = (
					"$(inherited)",
					"@executable_path/Frameworks",
				);
				PRODUCT_BUNDLE_IDENTIFIER = com.usiantsev.NewsAppTest;
				PRODUCT_NAME = "$(TARGET_NAME)";
				SWIFT_VERSION = 5.0;
				TARGETED_DEVICE_FAMILY = "1,2";
			};
			name = Debug;
		};
		B1494E8D25DE47A8008B515F /* Release */ = {
			isa = XCBuildConfiguration;
			buildSettings = {
				ASSETCATALOG_COMPILER_APPICON_NAME = AppIcon;
				ASSETCATALOG_COMPILER_GLOBAL_ACCENT_COLOR_NAME = AccentColor;
				CODE_SIGN_STYLE = Automatic;
				DEVELOPMENT_TEAM = 9F4WFMQ34H;
				INFOPLIST_FILE = NewsAppTest/Info.plist;
				LD_RUNPATH_SEARCH_PATHS = (
					"$(inherited)",
					"@executable_path/Frameworks",
				);
				PRODUCT_BUNDLE_IDENTIFIER = com.usiantsev.NewsAppTest;
				PRODUCT_NAME = "$(TARGET_NAME)";
				SWIFT_VERSION = 5.0;
				TARGETED_DEVICE_FAMILY = "1,2";
			};
			name = Release;
		};
/* End XCBuildConfiguration section */

/* Begin XCConfigurationList section */
		B1494E6F25DE47A7008B515F /* Build configuration list for PBXProject "NewsAppTest" */ = {
			isa = XCConfigurationList;
			buildConfigurations = (
				B1494E8925DE47A8008B515F /* Debug */,
				B1494E8A25DE47A8008B515F /* Release */,
			);
			defaultConfigurationIsVisible = 0;
			defaultConfigurationName = Release;
		};
		B1494E8B25DE47A8008B515F /* Build configuration list for PBXNativeTarget "NewsAppTest" */ = {
			isa = XCConfigurationList;
			buildConfigurations = (
				B1494E8C25DE47A8008B515F /* Debug */,
				B1494E8D25DE47A8008B515F /* Release */,
			);
			defaultConfigurationIsVisible = 0;
			defaultConfigurationName = Release;
		};
/* End XCConfigurationList section */

/* Begin XCVersionGroup section */
		B1EEF39625DEA6AC00470B39 /* NewsAppTest.xcdatamodeld */ = {
			isa = XCVersionGroup;
			children = (
				B1EEF39725DEA6AC00470B39 /* NewsAppTest.xcdatamodel */,
			);
			currentVersion = B1EEF39725DEA6AC00470B39 /* NewsAppTest.xcdatamodel */;
			path = NewsAppTest.xcdatamodeld;
			sourceTree = "<group>";
			versionGroupType = wrapper.xcdatamodel;
		};
/* End XCVersionGroup section */
	};
	rootObject = B1494E6C25DE47A7008B515F /* Project object */;
}
